// !$*UTF8*$!
{
	archiveVersion = 1;
	classes = {
	};
	objectVersion = 46;
	objects = {

/* Begin PBXBuildFile section */
		0B80851436030065BB4C4809 /* Pods___.framework in Frameworks */ = {isa = PBXBuildFile; fileRef = 0D28295F222CA79DB6B710EF /* Pods___.framework */; };
		F91B62181D950712006DF694 /* LYNetWorkTools.swift in Sources */ = {isa = PBXBuildFile; fileRef = F91B62171D950712006DF694 /* LYNetWorkTools.swift */; };
		F91B621B1D950AF9006DF694 /* RecommendViewModel.swift in Sources */ = {isa = PBXBuildFile; fileRef = F91B621A1D950AF9006DF694 /* RecommendViewModel.swift */; };
		F91B621D1D950E94006DF694 /* NSDateExtension.swift in Sources */ = {isa = PBXBuildFile; fileRef = F91B621C1D950E94006DF694 /* NSDateExtension.swift */; };
		F91B62271D9545C9006DF694 /* AnchorModel.swift in Sources */ = {isa = PBXBuildFile; fileRef = F91B62261D9545C8006DF694 /* AnchorModel.swift */; };
		F91B62291D9545F3006DF694 /* AnchorGroup.swift in Sources */ = {isa = PBXBuildFile; fileRef = F91B62281D9545F3006DF694 /* AnchorGroup.swift */; };
		F937BD2E1D9051EC00B70AE2 /* AppDelegate.swift in Sources */ = {isa = PBXBuildFile; fileRef = F937BD2D1D9051EC00B70AE2 /* AppDelegate.swift */; };
		F937BD301D9051EC00B70AE2 /* ViewController.swift in Sources */ = {isa = PBXBuildFile; fileRef = F937BD2F1D9051EC00B70AE2 /* ViewController.swift */; };
		F937BD331D9051EC00B70AE2 /* Main.storyboard in Resources */ = {isa = PBXBuildFile; fileRef = F937BD311D9051EC00B70AE2 /* Main.storyboard */; };
		F937BD351D9051EC00B70AE2 /* Assets.xcassets in Resources */ = {isa = PBXBuildFile; fileRef = F937BD341D9051EC00B70AE2 /* Assets.xcassets */; };
		F937BD381D9051EC00B70AE2 /* LaunchScreen.storyboard in Resources */ = {isa = PBXBuildFile; fileRef = F937BD361D9051EC00B70AE2 /* LaunchScreen.storyboard */; };
		F937BD431D9051EC00B70AE2 /* __UITests.swift in Sources */ = {isa = PBXBuildFile; fileRef = F937BD421D9051EC00B70AE2 /* __UITests.swift */; };
		F937BD5C1D9057C900B70AE2 /* Home.storyboard in Resources */ = {isa = PBXBuildFile; fileRef = F937BD5A1D9057C900B70AE2 /* Home.storyboard */; };
		F937BD5F1D90583B00B70AE2 /* Live.storyboard in Resources */ = {isa = PBXBuildFile; fileRef = F937BD5D1D90583B00B70AE2 /* Live.storyboard */; };
		F937BD621D90585100B70AE2 /* Follow.storyboard in Resources */ = {isa = PBXBuildFile; fileRef = F937BD601D90585100B70AE2 /* Follow.storyboard */; };
		F937BD671D9058EF00B70AE2 /* Profile.storyboard in Resources */ = {isa = PBXBuildFile; fileRef = F937BD651D9058EF00B70AE2 /* Profile.storyboard */; };
		F937BD7A1D905E4B00B70AE2 /* MainViewController.swift in Sources */ = {isa = PBXBuildFile; fileRef = F937BD791D905E4B00B70AE2 /* MainViewController.swift */; };
		F937BD7C1D905ED500B70AE2 /* HomeViewController.swift in Sources */ = {isa = PBXBuildFile; fileRef = F937BD7B1D905ED500B70AE2 /* HomeViewController.swift */; };
		F95F75A81D91600400AB3F44 /* PageContentView.swift in Sources */ = {isa = PBXBuildFile; fileRef = F95F75A71D91600400AB3F44 /* PageContentView.swift */; };
		F95F75AA1D91639000AB3F44 /* UIColorExtension.swift in Sources */ = {isa = PBXBuildFile; fileRef = F95F75A91D91639000AB3F44 /* UIColorExtension.swift */; };
		F9C7E05B1D96520300287D05 /* CollectionBaseCell.swift in Sources */ = {isa = PBXBuildFile; fileRef = F9C7E05A1D96520300287D05 /* CollectionBaseCell.swift */; };
		F9C7E0611D96625800287D05 /* RecommendCycleView.swift in Sources */ = {isa = PBXBuildFile; fileRef = F9C7E0601D96625800287D05 /* RecommendCycleView.swift */; };
		F9C7E0631D96626200287D05 /* RecommendCycleView.xib in Resources */ = {isa = PBXBuildFile; fileRef = F9C7E0621D96626200287D05 /* RecommendCycleView.xib */; };
		F9C7E0651D967E7900287D05 /* CycleModel.swift in Sources */ = {isa = PBXBuildFile; fileRef = F9C7E0641D967E7900287D05 /* CycleModel.swift */; };
		F9C7E0681D96E2E900287D05 /* CollectionCycleCell.swift in Sources */ = {isa = PBXBuildFile; fileRef = F9C7E0661D96E2E900287D05 /* CollectionCycleCell.swift */; };
		F9C7E0691D96E2E900287D05 /* CollectionCycleCell.xib in Resources */ = {isa = PBXBuildFile; fileRef = F9C7E0671D96E2E900287D05 /* CollectionCycleCell.xib */; };
		F9DF9E3A1D93459100BC8FE2 /* CollectionHeaderView.swift in Sources */ = {isa = PBXBuildFile; fileRef = F9DF9E381D93459100BC8FE2 /* CollectionHeaderView.swift */; };
		F9DF9E3B1D93459100BC8FE2 /* CollectionHeaderView.xib in Resources */ = {isa = PBXBuildFile; fileRef = F9DF9E391D93459100BC8FE2 /* CollectionHeaderView.xib */; };
		F9DF9E3E1D937E2D00BC8FE2 /* CollectionNormalCell.swift in Sources */ = {isa = PBXBuildFile; fileRef = F9DF9E3C1D937E2D00BC8FE2 /* CollectionNormalCell.swift */; };
		F9DF9E3F1D937E2D00BC8FE2 /* CollectionNormalCell.xib in Resources */ = {isa = PBXBuildFile; fileRef = F9DF9E3D1D937E2D00BC8FE2 /* CollectionNormalCell.xib */; };
		F9DF9E421D93869100BC8FE2 /* CollectionPrettyCell.swift in Sources */ = {isa = PBXBuildFile; fileRef = F9DF9E401D93869000BC8FE2 /* CollectionPrettyCell.swift */; };
		F9DF9E431D93869100BC8FE2 /* CollectionPrettyCell.xib in Resources */ = {isa = PBXBuildFile; fileRef = F9DF9E411D93869100BC8FE2 /* CollectionPrettyCell.xib */; };
		F9F846051D932C8E00D19958 /* RecommendViewController.swift in Sources */ = {isa = PBXBuildFile; fileRef = F9F846041D932C8E00D19958 /* RecommendViewController.swift */; };
		F9FF34FD1D91005F0007EE37 /* UIBarButtonItem-Extension.swift in Sources */ = {isa = PBXBuildFile; fileRef = F9FF34FC1D91005F0007EE37 /* UIBarButtonItem-Extension.swift */; };
		F9FF34FF1D91160C0007EE37 /* PageTitleView.swift in Sources */ = {isa = PBXBuildFile; fileRef = F9FF34FE1D91160C0007EE37 /* PageTitleView.swift */; };
		F9FF35011D912F600007EE37 /* Common.swift in Sources */ = {isa = PBXBuildFile; fileRef = F9FF35001D912F600007EE37 /* Common.swift */; };
/* End PBXBuildFile section */

/* Begin PBXContainerItemProxy section */
		F937BD3F1D9051EC00B70AE2 /* PBXContainerItemProxy */ = {
			isa = PBXContainerItemProxy;
			containerPortal = F937BD221D9051EB00B70AE2 /* Project object */;
			proxyType = 1;
			remoteGlobalIDString = F937BD291D9051EB00B70AE2;
			remoteInfo = "斗鱼";
		};
/* End PBXContainerItemProxy section */

/* Begin PBXFileReference section */
		0D28295F222CA79DB6B710EF /* Pods___.framework */ = {isa = PBXFileReference; explicitFileType = wrapper.framework; includeInIndex = 0; path = "Pods___.framework"; sourceTree = BUILT_PRODUCTS_DIR; };
		3C83D88EE997F425AC15878E /* Pods-斗鱼.release.xcconfig */ = {isa = PBXFileReference; includeInIndex = 1; lastKnownFileType = text.xcconfig; name = "Pods-斗鱼.release.xcconfig"; path = "Pods/Target Support Files/Pods-斗鱼/Pods-斗鱼.release.xcconfig"; sourceTree = "<group>"; };
		9308CA347D87A9F053D74CF1 /* Pods-斗鱼.debug.xcconfig */ = {isa = PBXFileReference; includeInIndex = 1; lastKnownFileType = text.xcconfig; name = "Pods-斗鱼.debug.xcconfig"; path = "Pods/Target Support Files/Pods-斗鱼/Pods-斗鱼.debug.xcconfig"; sourceTree = "<group>"; };
		F91B62171D950712006DF694 /* LYNetWorkTools.swift */ = {isa = PBXFileReference; fileEncoding = 4; lastKnownFileType = sourcecode.swift; path = LYNetWorkTools.swift; sourceTree = "<group>"; };
		F91B621A1D950AF9006DF694 /* RecommendViewModel.swift */ = {isa = PBXFileReference; fileEncoding = 4; lastKnownFileType = sourcecode.swift; path = RecommendViewModel.swift; sourceTree = "<group>"; };
		F91B621C1D950E94006DF694 /* NSDateExtension.swift */ = {isa = PBXFileReference; fileEncoding = 4; lastKnownFileType = sourcecode.swift; path = NSDateExtension.swift; sourceTree = "<group>"; };
		F91B62261D9545C8006DF694 /* AnchorModel.swift */ = {isa = PBXFileReference; fileEncoding = 4; lastKnownFileType = sourcecode.swift; path = AnchorModel.swift; sourceTree = "<group>"; };
		F91B62281D9545F3006DF694 /* AnchorGroup.swift */ = {isa = PBXFileReference; fileEncoding = 4; lastKnownFileType = sourcecode.swift; path = AnchorGroup.swift; sourceTree = "<group>"; };
		F937BD2A1D9051EB00B70AE2 /* 斗鱼.app */ = {isa = PBXFileReference; explicitFileType = wrapper.application; includeInIndex = 0; path = "斗鱼.app"; sourceTree = BUILT_PRODUCTS_DIR; };
		F937BD2D1D9051EC00B70AE2 /* AppDelegate.swift */ = {isa = PBXFileReference; lastKnownFileType = sourcecode.swift; path = AppDelegate.swift; sourceTree = "<group>"; };
		F937BD2F1D9051EC00B70AE2 /* ViewController.swift */ = {isa = PBXFileReference; lastKnownFileType = sourcecode.swift; path = ViewController.swift; sourceTree = "<group>"; };
		F937BD321D9051EC00B70AE2 /* Base */ = {isa = PBXFileReference; lastKnownFileType = file.storyboard; name = Base; path = Base.lproj/Main.storyboard; sourceTree = "<group>"; };
		F937BD341D9051EC00B70AE2 /* Assets.xcassets */ = {isa = PBXFileReference; lastKnownFileType = folder.assetcatalog; path = Assets.xcassets; sourceTree = "<group>"; };
		F937BD371D9051EC00B70AE2 /* Base */ = {isa = PBXFileReference; lastKnownFileType = file.storyboard; name = Base; path = Base.lproj/LaunchScreen.storyboard; sourceTree = "<group>"; };
		F937BD391D9051EC00B70AE2 /* Info.plist */ = {isa = PBXFileReference; lastKnownFileType = text.plist.xml; path = Info.plist; sourceTree = "<group>"; };
		F937BD3E1D9051EC00B70AE2 /* 斗鱼UITests.xctest */ = {isa = PBXFileReference; explicitFileType = wrapper.cfbundle; includeInIndex = 0; path = "斗鱼UITests.xctest"; sourceTree = BUILT_PRODUCTS_DIR; };
		F937BD421D9051EC00B70AE2 /* __UITests.swift */ = {isa = PBXFileReference; lastKnownFileType = sourcecode.swift; path = __UITests.swift; sourceTree = "<group>"; };
		F937BD441D9051EC00B70AE2 /* Info.plist */ = {isa = PBXFileReference; lastKnownFileType = text.plist.xml; path = Info.plist; sourceTree = "<group>"; };
		F937BD5B1D9057C900B70AE2 /* Base */ = {isa = PBXFileReference; lastKnownFileType = file.storyboard; name = Base; path = "斗鱼/Base.lproj/Home.storyboard"; sourceTree = SOURCE_ROOT; };
		F937BD5E1D90583B00B70AE2 /* Base */ = {isa = PBXFileReference; lastKnownFileType = file.storyboard; name = Base; path = "斗鱼/Base.lproj/Live.storyboard"; sourceTree = SOURCE_ROOT; };
		F937BD611D90585100B70AE2 /* Base */ = {isa = PBXFileReference; lastKnownFileType = file.storyboard; name = Base; path = "斗鱼/Base.lproj/Follow.storyboard"; sourceTree = SOURCE_ROOT; };
		F937BD661D9058EF00B70AE2 /* Base */ = {isa = PBXFileReference; lastKnownFileType = file.storyboard; name = Base; path = "斗鱼/Base.lproj/Profile.storyboard"; sourceTree = SOURCE_ROOT; };
		F937BD791D905E4B00B70AE2 /* MainViewController.swift */ = {isa = PBXFileReference; fileEncoding = 4; lastKnownFileType = sourcecode.swift; path = MainViewController.swift; sourceTree = "<group>"; };
		F937BD7B1D905ED500B70AE2 /* HomeViewController.swift */ = {isa = PBXFileReference; fileEncoding = 4; lastKnownFileType = sourcecode.swift; path = HomeViewController.swift; sourceTree = "<group>"; };
		F95F75A71D91600400AB3F44 /* PageContentView.swift */ = {isa = PBXFileReference; fileEncoding = 4; lastKnownFileType = sourcecode.swift; path = PageContentView.swift; sourceTree = "<group>"; };
		F95F75A91D91639000AB3F44 /* UIColorExtension.swift */ = {isa = PBXFileReference; fileEncoding = 4; lastKnownFileType = sourcecode.swift; path = UIColorExtension.swift; sourceTree = "<group>"; };
		F9C7E05A1D96520300287D05 /* CollectionBaseCell.swift */ = {isa = PBXFileReference; fileEncoding = 4; lastKnownFileType = sourcecode.swift; path = CollectionBaseCell.swift; sourceTree = "<group>"; };
		F9C7E0601D96625800287D05 /* RecommendCycleView.swift */ = {isa = PBXFileReference; fileEncoding = 4; lastKnownFileType = sourcecode.swift; path = RecommendCycleView.swift; sourceTree = "<group>"; };
		F9C7E0621D96626200287D05 /* RecommendCycleView.xib */ = {isa = PBXFileReference; fileEncoding = 4; lastKnownFileType = file.xib; path = RecommendCycleView.xib; sourceTree = "<group>"; };
		F9C7E0641D967E7900287D05 /* CycleModel.swift */ = {isa = PBXFileReference; fileEncoding = 4; lastKnownFileType = sourcecode.swift; path = CycleModel.swift; sourceTree = "<group>"; };
		F9C7E0661D96E2E900287D05 /* CollectionCycleCell.swift */ = {isa = PBXFileReference; fileEncoding = 4; lastKnownFileType = sourcecode.swift; path = CollectionCycleCell.swift; sourceTree = "<group>"; };
		F9C7E0671D96E2E900287D05 /* CollectionCycleCell.xib */ = {isa = PBXFileReference; fileEncoding = 4; lastKnownFileType = file.xib; path = CollectionCycleCell.xib; sourceTree = "<group>"; };
		F9DF9E381D93459100BC8FE2 /* CollectionHeaderView.swift */ = {isa = PBXFileReference; fileEncoding = 4; lastKnownFileType = sourcecode.swift; path = CollectionHeaderView.swift; sourceTree = "<group>"; };
		F9DF9E391D93459100BC8FE2 /* CollectionHeaderView.xib */ = {isa = PBXFileReference; fileEncoding = 4; lastKnownFileType = file.xib; path = CollectionHeaderView.xib; sourceTree = "<group>"; };
		F9DF9E3C1D937E2D00BC8FE2 /* CollectionNormalCell.swift */ = {isa = PBXFileReference; fileEncoding = 4; lastKnownFileType = sourcecode.swift; path = CollectionNormalCell.swift; sourceTree = "<group>"; };
		F9DF9E3D1D937E2D00BC8FE2 /* CollectionNormalCell.xib */ = {isa = PBXFileReference; fileEncoding = 4; lastKnownFileType = file.xib; path = CollectionNormalCell.xib; sourceTree = "<group>"; };
		F9DF9E401D93869000BC8FE2 /* CollectionPrettyCell.swift */ = {isa = PBXFileReference; fileEncoding = 4; lastKnownFileType = sourcecode.swift; path = CollectionPrettyCell.swift; sourceTree = "<group>"; };
		F9DF9E411D93869100BC8FE2 /* CollectionPrettyCell.xib */ = {isa = PBXFileReference; fileEncoding = 4; lastKnownFileType = file.xib; path = CollectionPrettyCell.xib; sourceTree = "<group>"; };
		F9F846041D932C8E00D19958 /* RecommendViewController.swift */ = {isa = PBXFileReference; fileEncoding = 4; lastKnownFileType = sourcecode.swift; path = RecommendViewController.swift; sourceTree = "<group>"; };
		F9FF34FC1D91005F0007EE37 /* UIBarButtonItem-Extension.swift */ = {isa = PBXFileReference; fileEncoding = 4; lastKnownFileType = sourcecode.swift; path = "UIBarButtonItem-Extension.swift"; sourceTree = "<group>"; };
		F9FF34FE1D91160C0007EE37 /* PageTitleView.swift */ = {isa = PBXFileReference; fileEncoding = 4; lastKnownFileType = sourcecode.swift; path = PageTitleView.swift; sourceTree = "<group>"; };
		F9FF35001D912F600007EE37 /* Common.swift */ = {isa = PBXFileReference; fileEncoding = 4; lastKnownFileType = sourcecode.swift; path = Common.swift; sourceTree = "<group>"; };
/* End PBXFileReference section */

/* Begin PBXFrameworksBuildPhase section */
		F937BD271D9051EB00B70AE2 /* Frameworks */ = {
			isa = PBXFrameworksBuildPhase;
			buildActionMask = 2147483647;
			files = (
				0B80851436030065BB4C4809 /* Pods___.framework in Frameworks */,
			);
			runOnlyForDeploymentPostprocessing = 0;
		};
		F937BD3B1D9051EC00B70AE2 /* Frameworks */ = {
			isa = PBXFrameworksBuildPhase;
			buildActionMask = 2147483647;
			files = (
			);
			runOnlyForDeploymentPostprocessing = 0;
		};
/* End PBXFrameworksBuildPhase section */

/* Begin PBXGroup section */
		5444CD9E2AC71478D03E360E /* Pods */ = {
			isa = PBXGroup;
			children = (
				9308CA347D87A9F053D74CF1 /* Pods-斗鱼.debug.xcconfig */,
				3C83D88EE997F425AC15878E /* Pods-斗鱼.release.xcconfig */,
			);
			name = Pods;
			sourceTree = "<group>";
		};
		AE5663D261B80D6FF06521B6 /* Frameworks */ = {
			isa = PBXGroup;
			children = (
				0D28295F222CA79DB6B710EF /* Pods___.framework */,
			);
			name = Frameworks;
			sourceTree = "<group>";
		};
		F91B62191D950ACC006DF694 /* ViewModel */ = {
			isa = PBXGroup;
			children = (
				F91B621A1D950AF9006DF694 /* RecommendViewModel.swift */,
			);
			path = ViewModel;
			sourceTree = "<group>";
		};
		F937BD211D9051EB00B70AE2 = {
			isa = PBXGroup;
			children = (
				F937BD2C1D9051EB00B70AE2 /* 斗鱼 */,
				F937BD411D9051EC00B70AE2 /* 斗鱼UITests */,
				F937BD2B1D9051EB00B70AE2 /* Products */,
				5444CD9E2AC71478D03E360E /* Pods */,
				AE5663D261B80D6FF06521B6 /* Frameworks */,
			);
			sourceTree = "<group>";
		};
		F937BD2B1D9051EB00B70AE2 /* Products */ = {
			isa = PBXGroup;
			children = (
				F937BD2A1D9051EB00B70AE2 /* 斗鱼.app */,
				F937BD3E1D9051EC00B70AE2 /* 斗鱼UITests.xctest */,
			);
			name = Products;
			sourceTree = "<group>";
		};
		F937BD2C1D9051EB00B70AE2 /* 斗鱼 */ = {
			isa = PBXGroup;
			children = (
				F937BD531D90541400B70AE2 /* Casses */,
				F937BD2D1D9051EC00B70AE2 /* AppDelegate.swift */,
				F937BD2F1D9051EC00B70AE2 /* ViewController.swift */,
				F937BD341D9051EC00B70AE2 /* Assets.xcassets */,
				F937BD361D9051EC00B70AE2 /* LaunchScreen.storyboard */,
				F937BD391D9051EC00B70AE2 /* Info.plist */,
			);
			path = "斗鱼";
			sourceTree = "<group>";
		};
		F937BD411D9051EC00B70AE2 /* 斗鱼UITests */ = {
			isa = PBXGroup;
			children = (
				F937BD421D9051EC00B70AE2 /* __UITests.swift */,
				F937BD441D9051EC00B70AE2 /* Info.plist */,
			);
			path = "斗鱼UITests";
			sourceTree = "<group>";
		};
		F937BD531D90541400B70AE2 /* Casses */ = {
			isa = PBXGroup;
			children = (
				F937BD571D90541400B70AE2 /* Main */,
				F937BD541D90541400B70AE2 /* Follow */,
				F937BD551D90541400B70AE2 /* Home */,
				F937BD561D90541400B70AE2 /* Live */,
				F937BD581D90541400B70AE2 /* Profile */,
				F937BD591D90541400B70AE2 /* Tool */,
			);
			path = Casses;
			sourceTree = "<group>";
		};
		F937BD541D90541400B70AE2 /* Follow */ = {
			isa = PBXGroup;
			children = (
				F937BD6B1D905D2000B70AE2 /* Model */,
				F937BD6C1D905D2000B70AE2 /* View */,
				F937BD6A1D905D0B00B70AE2 /* Controller */,
				F937BD601D90585100B70AE2 /* Follow.storyboard */,
			);
			path = Follow;
			sourceTree = "<group>";
		};
		F937BD551D90541400B70AE2 /* Home */ = {
			isa = PBXGroup;
			children = (
				F91B62191D950ACC006DF694 /* ViewModel */,
				F937BD6D1D905D4000B70AE2 /* Controller */,
				F937BD6E1D905D4000B70AE2 /* Model */,
				F937BD6F1D905D4000B70AE2 /* View */,
				F937BD5A1D9057C900B70AE2 /* Home.storyboard */,
			);
			path = Home;
			sourceTree = "<group>";
		};
		F937BD561D90541400B70AE2 /* Live */ = {
			isa = PBXGroup;
			children = (
				F937BD701D905D5800B70AE2 /* Controller */,
				F937BD711D905D5800B70AE2 /* Model */,
				F937BD721D905D5800B70AE2 /* View */,
				F937BD5D1D90583B00B70AE2 /* Live.storyboard */,
			);
			path = Live;
			sourceTree = "<group>";
		};
		F937BD571D90541400B70AE2 /* Main */ = {
			isa = PBXGroup;
			children = (
				F937BD731D905D7B00B70AE2 /* Controller */,
				F937BD741D905D7B00B70AE2 /* Model */,
				F937BD751D905D7B00B70AE2 /* View */,
			);
			path = Main;
			sourceTree = "<group>";
		};
		F937BD581D90541400B70AE2 /* Profile */ = {
			isa = PBXGroup;
			children = (
				F937BD761D905D9400B70AE2 /* Controller */,
				F937BD771D905D9400B70AE2 /* Model */,
				F937BD781D905D9400B70AE2 /* View */,
				F937BD651D9058EF00B70AE2 /* Profile.storyboard */,
			);
			path = Profile;
			sourceTree = "<group>";
		};
		F937BD591D90541400B70AE2 /* Tool */ = {
			isa = PBXGroup;
			children = (
				F91B62171D950712006DF694 /* LYNetWorkTools.swift */,
				F9FF34F71D90FF9E0007EE37 /* Extension */,
				F9FF35001D912F600007EE37 /* Common.swift */,
			);
			path = Tool;
			sourceTree = "<group>";
		};
		F937BD6A1D905D0B00B70AE2 /* Controller */ = {
			isa = PBXGroup;
			children = (
			);
			path = Controller;
			sourceTree = "<group>";
		};
		F937BD6B1D905D2000B70AE2 /* Model */ = {
			isa = PBXGroup;
			children = (
			);
			path = Model;
			sourceTree = "<group>";
		};
		F937BD6C1D905D2000B70AE2 /* View */ = {
			isa = PBXGroup;
			children = (
			);
			path = View;
			sourceTree = "<group>";
		};
		F937BD6D1D905D4000B70AE2 /* Controller */ = {
			isa = PBXGroup;
			children = (
				F937BD7B1D905ED500B70AE2 /* HomeViewController.swift */,
				F9F846041D932C8E00D19958 /* RecommendViewController.swift */,
			);
			path = Controller;
			sourceTree = "<group>";
		};
		F937BD6E1D905D4000B70AE2 /* Model */ = {
			isa = PBXGroup;
			children = (
				F9C7E0641D967E7900287D05 /* CycleModel.swift */,
			);
			path = Model;
			sourceTree = "<group>";
		};
		F937BD6F1D905D4000B70AE2 /* View */ = {
			isa = PBXGroup;
			children = (
				F9DF9E381D93459100BC8FE2 /* CollectionHeaderView.swift */,
				F9DF9E391D93459100BC8FE2 /* CollectionHeaderView.xib */,
				F9C7E0601D96625800287D05 /* RecommendCycleView.swift */,
				F9C7E0621D96626200287D05 /* RecommendCycleView.xib */,
				F9C7E0661D96E2E900287D05 /* CollectionCycleCell.swift */,
				F9C7E0671D96E2E900287D05 /* CollectionCycleCell.xib */,
			);
			path = View;
			sourceTree = "<group>";
		};
		F937BD701D905D5800B70AE2 /* Controller */ = {
			isa = PBXGroup;
			children = (
			);
			path = Controller;
			sourceTree = "<group>";
		};
		F937BD711D905D5800B70AE2 /* Model */ = {
			isa = PBXGroup;
			children = (
			);
			path = Model;
			sourceTree = "<group>";
		};
		F937BD721D905D5800B70AE2 /* View */ = {
			isa = PBXGroup;
			children = (
			);
			path = View;
			sourceTree = "<group>";
		};
		F937BD731D905D7B00B70AE2 /* Controller */ = {
			isa = PBXGroup;
			children = (
				F937BD311D9051EC00B70AE2 /* Main.storyboard */,
				F937BD791D905E4B00B70AE2 /* MainViewController.swift */,
			);
			path = Controller;
			sourceTree = "<group>";
		};
		F937BD741D905D7B00B70AE2 /* Model */ = {
			isa = PBXGroup;
			children = (
				F91B62261D9545C8006DF694 /* AnchorModel.swift */,
				F91B62281D9545F3006DF694 /* AnchorGroup.swift */,
			);
			path = Model;
			sourceTree = "<group>";
		};
		F937BD751D905D7B00B70AE2 /* View */ = {
			isa = PBXGroup;
			children = (
				F9FF34FE1D91160C0007EE37 /* PageTitleView.swift */,
				F95F75A71D91600400AB3F44 /* PageContentView.swift */,
				F9DF9E3C1D937E2D00BC8FE2 /* CollectionNormalCell.swift */,
				F9DF9E3D1D937E2D00BC8FE2 /* CollectionNormalCell.xib */,
				F9DF9E401D93869000BC8FE2 /* CollectionPrettyCell.swift */,
				F9DF9E411D93869100BC8FE2 /* CollectionPrettyCell.xib */,
				F9C7E05A1D96520300287D05 /* CollectionBaseCell.swift */,
			);
			path = View;
			sourceTree = "<group>";
		};
		F937BD761D905D9400B70AE2 /* Controller */ = {
			isa = PBXGroup;
			children = (
			);
			path = Controller;
			sourceTree = "<group>";
		};
		F937BD771D905D9400B70AE2 /* Model */ = {
			isa = PBXGroup;
			children = (
			);
			path = Model;
			sourceTree = "<group>";
		};
		F937BD781D905D9400B70AE2 /* View */ = {
			isa = PBXGroup;
			children = (
			);
			path = View;
			sourceTree = "<group>";
		};
		F9FF34F71D90FF9E0007EE37 /* Extension */ = {
			isa = PBXGroup;
			children = (
				F9FF34FC1D91005F0007EE37 /* UIBarButtonItem-Extension.swift */,
				F95F75A91D91639000AB3F44 /* UIColorExtension.swift */,
				F91B621C1D950E94006DF694 /* NSDateExtension.swift */,
			);
			path = Extension;
			sourceTree = "<group>";
		};
/* End PBXGroup section */

/* Begin PBXNativeTarget section */
		F937BD291D9051EB00B70AE2 /* 斗鱼 */ = {
			isa = PBXNativeTarget;
			buildConfigurationList = F937BD471D9051EC00B70AE2 /* Build configuration list for PBXNativeTarget "斗鱼" */;
			buildPhases = (
				0AB2560DE083B99DAD7E449A /* [CP] Check Pods Manifest.lock */,
				F937BD261D9051EB00B70AE2 /* Sources */,
				F937BD271D9051EB00B70AE2 /* Frameworks */,
				F937BD281D9051EB00B70AE2 /* Resources */,
				79F170ECAB39F30F25947AB8 /* [CP] Embed Pods Frameworks */,
				756EB3AE6457FAC2478FDC83 /* [CP] Copy Pods Resources */,
			);
			buildRules = (
			);
			dependencies = (
			);
			name = "斗鱼";
			productName = "斗鱼";
			productReference = F937BD2A1D9051EB00B70AE2 /* 斗鱼.app */;
			productType = "com.apple.product-type.application";
		};
		F937BD3D1D9051EC00B70AE2 /* 斗鱼UITests */ = {
			isa = PBXNativeTarget;
			buildConfigurationList = F937BD4A1D9051EC00B70AE2 /* Build configuration list for PBXNativeTarget "斗鱼UITests" */;
			buildPhases = (
				F937BD3A1D9051EC00B70AE2 /* Sources */,
				F937BD3B1D9051EC00B70AE2 /* Frameworks */,
				F937BD3C1D9051EC00B70AE2 /* Resources */,
			);
			buildRules = (
			);
			dependencies = (
				F937BD401D9051EC00B70AE2 /* PBXTargetDependency */,
			);
			name = "斗鱼UITests";
			productName = "斗鱼UITests";
			productReference = F937BD3E1D9051EC00B70AE2 /* 斗鱼UITests.xctest */;
			productType = "com.apple.product-type.bundle.ui-testing";
		};
/* End PBXNativeTarget section */

/* Begin PBXProject section */
		F937BD221D9051EB00B70AE2 /* Project object */ = {
			isa = PBXProject;
			attributes = {
				LastSwiftUpdateCheck = 0800;
				LastUpgradeCheck = 0800;
				ORGANIZATIONNAME = LY;
				TargetAttributes = {
					F937BD291D9051EB00B70AE2 = {
						CreatedOnToolsVersion = 8.0;
						DevelopmentTeam = C2UEMYKUYG;
						ProvisioningStyle = Automatic;
					};
					F937BD3D1D9051EC00B70AE2 = {
						CreatedOnToolsVersion = 8.0;
						ProvisioningStyle = Automatic;
						TestTargetID = F937BD291D9051EB00B70AE2;
					};
				};
			};
			buildConfigurationList = F937BD251D9051EB00B70AE2 /* Build configuration list for PBXProject "斗鱼" */;
			compatibilityVersion = "Xcode 3.2";
			developmentRegion = English;
			hasScannedForEncodings = 0;
			knownRegions = (
				en,
				Base,
			);
			mainGroup = F937BD211D9051EB00B70AE2;
			productRefGroup = F937BD2B1D9051EB00B70AE2 /* Products */;
			projectDirPath = "";
			projectRoot = "";
			targets = (
				F937BD291D9051EB00B70AE2 /* 斗鱼 */,
				F937BD3D1D9051EC00B70AE2 /* 斗鱼UITests */,
			);
		};
/* End PBXProject section */

/* Begin PBXResourcesBuildPhase section */
		F937BD281D9051EB00B70AE2 /* Resources */ = {
			isa = PBXResourcesBuildPhase;
			buildActionMask = 2147483647;
			files = (
				F937BD381D9051EC00B70AE2 /* LaunchScreen.storyboard in Resources */,
				F9DF9E3B1D93459100BC8FE2 /* CollectionHeaderView.xib in Resources */,
				F9DF9E3F1D937E2D00BC8FE2 /* CollectionNormalCell.xib in Resources */,
				F937BD351D9051EC00B70AE2 /* Assets.xcassets in Resources */,
				F937BD331D9051EC00B70AE2 /* Main.storyboard in Resources */,
				F937BD5F1D90583B00B70AE2 /* Live.storyboard in Resources */,
				F937BD5C1D9057C900B70AE2 /* Home.storyboard in Resources */,
				F9C7E0631D96626200287D05 /* RecommendCycleView.xib in Resources */,
				F9C7E0691D96E2E900287D05 /* CollectionCycleCell.xib in Resources */,
				F9DF9E431D93869100BC8FE2 /* CollectionPrettyCell.xib in Resources */,
				F937BD671D9058EF00B70AE2 /* Profile.storyboard in Resources */,
				F937BD621D90585100B70AE2 /* Follow.storyboard in Resources */,
			);
			runOnlyForDeploymentPostprocessing = 0;
		};
		F937BD3C1D9051EC00B70AE2 /* Resources */ = {
			isa = PBXResourcesBuildPhase;
			buildActionMask = 2147483647;
			files = (
			);
			runOnlyForDeploymentPostprocessing = 0;
		};
/* End PBXResourcesBuildPhase section */

/* Begin PBXShellScriptBuildPhase section */
		0AB2560DE083B99DAD7E449A /* [CP] Check Pods Manifest.lock */ = {
			isa = PBXShellScriptBuildPhase;
			buildActionMask = 2147483647;
			files = (
			);
			inputPaths = (
			);
			name = "[CP] Check Pods Manifest.lock";
			outputPaths = (
			);
			runOnlyForDeploymentPostprocessing = 0;
			shellPath = /bin/sh;
			shellScript = "diff \"${PODS_ROOT}/../Podfile.lock\" \"${PODS_ROOT}/Manifest.lock\" > /dev/null\nif [[ $? != 0 ]] ; then\n    cat << EOM\nerror: The sandbox is not in sync with the Podfile.lock. Run 'pod install' or update your CocoaPods installation.\nEOM\n    exit 1\nfi\n";
			showEnvVarsInLog = 0;
		};
		756EB3AE6457FAC2478FDC83 /* [CP] Copy Pods Resources */ = {
			isa = PBXShellScriptBuildPhase;
			buildActionMask = 2147483647;
			files = (
			);
			inputPaths = (
			);
			name = "[CP] Copy Pods Resources";
			outputPaths = (
			);
			runOnlyForDeploymentPostprocessing = 0;
			shellPath = /bin/sh;
			shellScript = "\"${SRCROOT}/Pods/Target Support Files/Pods-斗鱼/Pods-斗鱼-resources.sh\"\n";
			showEnvVarsInLog = 0;
		};
		79F170ECAB39F30F25947AB8 /* [CP] Embed Pods Frameworks */ = {
			isa = PBXShellScriptBuildPhase;
			buildActionMask = 2147483647;
			files = (
			);
			inputPaths = (
			);
			name = "[CP] Embed Pods Frameworks";
			outputPaths = (
			);
			runOnlyForDeploymentPostprocessing = 0;
			shellPath = /bin/sh;
			shellScript = "\"${SRCROOT}/Pods/Target Support Files/Pods-斗鱼/Pods-斗鱼-frameworks.sh\"\n";
			showEnvVarsInLog = 0;
		};
/* End PBXShellScriptBuildPhase section */

/* Begin PBXSourcesBuildPhase section */
		F937BD261D9051EB00B70AE2 /* Sources */ = {
			isa = PBXSourcesBuildPhase;
			buildActionMask = 2147483647;
			files = (
				F9FF34FF1D91160C0007EE37 /* PageTitleView.swift in Sources */,
				F9DF9E3A1D93459100BC8FE2 /* CollectionHeaderView.swift in Sources */,
				F91B62271D9545C9006DF694 /* AnchorModel.swift in Sources */,
				F9FF34FD1D91005F0007EE37 /* UIBarButtonItem-Extension.swift in Sources */,
				F937BD7A1D905E4B00B70AE2 /* MainViewController.swift in Sources */,
				F95F75A81D91600400AB3F44 /* PageContentView.swift in Sources */,
				F9C7E0651D967E7900287D05 /* CycleModel.swift in Sources */,
				F937BD301D9051EC00B70AE2 /* ViewController.swift in Sources */,
				F95F75AA1D91639000AB3F44 /* UIColorExtension.swift in Sources */,
				F937BD2E1D9051EC00B70AE2 /* AppDelegate.swift in Sources */,
				F937BD7C1D905ED500B70AE2 /* HomeViewController.swift in Sources */,
				F9FF35011D912F600007EE37 /* Common.swift in Sources */,
				F91B62291D9545F3006DF694 /* AnchorGroup.swift in Sources */,
				F9C7E05B1D96520300287D05 /* CollectionBaseCell.swift in Sources */,
				F9DF9E421D93869100BC8FE2 /* CollectionPrettyCell.swift in Sources */,
				F9DF9E3E1D937E2D00BC8FE2 /* CollectionNormalCell.swift in Sources */,
				F91B621D1D950E94006DF694 /* NSDateExtension.swift in Sources */,
				F9C7E0611D96625800287D05 /* RecommendCycleView.swift in Sources */,
				F9F846051D932C8E00D19958 /* RecommendViewController.swift in Sources */,
				F91B621B1D950AF9006DF694 /* RecommendViewModel.swift in Sources */,
				F9C7E0681D96E2E900287D05 /* CollectionCycleCell.swift in Sources */,
				F91B62181D950712006DF694 /* LYNetWorkTools.swift in Sources */,
			);
			runOnlyForDeploymentPostprocessing = 0;
		};
		F937BD3A1D9051EC00B70AE2 /* Sources */ = {
			isa = PBXSourcesBuildPhase;
			buildActionMask = 2147483647;
			files = (
				F937BD431D9051EC00B70AE2 /* __UITests.swift in Sources */,
			);
			runOnlyForDeploymentPostprocessing = 0;
		};
/* End PBXSourcesBuildPhase section */

/* Begin PBXTargetDependency section */
		F937BD401D9051EC00B70AE2 /* PBXTargetDependency */ = {
			isa = PBXTargetDependency;
			target = F937BD291D9051EB00B70AE2 /* 斗鱼 */;
			targetProxy = F937BD3F1D9051EC00B70AE2 /* PBXContainerItemProxy */;
		};
/* End PBXTargetDependency section */

/* Begin PBXVariantGroup section */
		F937BD311D9051EC00B70AE2 /* Main.storyboard */ = {
			isa = PBXVariantGroup;
			children = (
				F937BD321D9051EC00B70AE2 /* Base */,
			);
			name = Main.storyboard;
			path = ../../..;
			sourceTree = "<group>";
		};
		F937BD361D9051EC00B70AE2 /* LaunchScreen.storyboard */ = {
			isa = PBXVariantGroup;
			children = (
				F937BD371D9051EC00B70AE2 /* Base */,
			);
			name = LaunchScreen.storyboard;
			sourceTree = "<group>";
		};
		F937BD5A1D9057C900B70AE2 /* Home.storyboard */ = {
			isa = PBXVariantGroup;
			children = (
				F937BD5B1D9057C900B70AE2 /* Base */,
			);
			name = Home.storyboard;
			path = ../Main;
			sourceTree = "<group>";
		};
		F937BD5D1D90583B00B70AE2 /* Live.storyboard */ = {
			isa = PBXVariantGroup;
			children = (
				F937BD5E1D90583B00B70AE2 /* Base */,
			);
			name = Live.storyboard;
			path = ../Main;
			sourceTree = "<group>";
		};
		F937BD601D90585100B70AE2 /* Follow.storyboard */ = {
			isa = PBXVariantGroup;
			children = (
				F937BD611D90585100B70AE2 /* Base */,
			);
			name = Follow.storyboard;
			path = ../Main;
			sourceTree = "<group>";
		};
		F937BD651D9058EF00B70AE2 /* Profile.storyboard */ = {
			isa = PBXVariantGroup;
			children = (
				F937BD661D9058EF00B70AE2 /* Base */,
			);
			name = Profile.storyboard;
			path = ../Main;
			sourceTree = "<group>";
		};
/* End PBXVariantGroup section */

/* Begin XCBuildConfiguration section */
		F937BD451D9051EC00B70AE2 /* Debug */ = {
			isa = XCBuildConfiguration;
			buildSettings = {
				ALWAYS_SEARCH_USER_PATHS = NO;
				CLANG_ANALYZER_NONNULL = YES;
				CLANG_CXX_LANGUAGE_STANDARD = "gnu++0x";
				CLANG_CXX_LIBRARY = "libc++";
				CLANG_ENABLE_MODULES = YES;
				CLANG_ENABLE_OBJC_ARC = YES;
				CLANG_WARN_BOOL_CONVERSION = YES;
				CLANG_WARN_CONSTANT_CONVERSION = YES;
				CLANG_WARN_DIRECT_OBJC_ISA_USAGE = YES_ERROR;
				CLANG_WARN_DOCUMENTATION_COMMENTS = YES;
				CLANG_WARN_EMPTY_BODY = YES;
				CLANG_WARN_ENUM_CONVERSION = YES;
				CLANG_WARN_INFINITE_RECURSION = YES;
				CLANG_WARN_INT_CONVERSION = YES;
				CLANG_WARN_OBJC_ROOT_CLASS = YES_ERROR;
				CLANG_WARN_SUSPICIOUS_MOVES = YES;
				CLANG_WARN_UNREACHABLE_CODE = YES;
				CLANG_WARN__DUPLICATE_METHOD_MATCH = YES;
				"CODE_SIGN_IDENTITY[sdk=iphoneos*]" = "iPhone Developer";
				COPY_PHASE_STRIP = NO;
				DEBUG_INFORMATION_FORMAT = dwarf;
				ENABLE_STRICT_OBJC_MSGSEND = YES;
				ENABLE_TESTABILITY = YES;
				GCC_C_LANGUAGE_STANDARD = gnu99;
				GCC_DYNAMIC_NO_PIC = NO;
				GCC_NO_COMMON_BLOCKS = YES;
				GCC_OPTIMIZATION_LEVEL = 0;
				GCC_PREPROCESSOR_DEFINITIONS = (
					"DEBUG=1",
					"$(inherited)",
				);
				GCC_WARN_64_TO_32_BIT_CONVERSION = YES;
				GCC_WARN_ABOUT_RETURN_TYPE = YES_ERROR;
				GCC_WARN_UNDECLARED_SELECTOR = YES;
				GCC_WARN_UNINITIALIZED_AUTOS = YES_AGGRESSIVE;
				GCC_WARN_UNUSED_FUNCTION = YES;
				GCC_WARN_UNUSED_VARIABLE = YES;
				IPHONEOS_DEPLOYMENT_TARGET = 10.0;
				MTL_ENABLE_DEBUG_INFO = YES;
				ONLY_ACTIVE_ARCH = YES;
				SDKROOT = iphoneos;
				SWIFT_ACTIVE_COMPILATION_CONDITIONS = DEBUG;
				SWIFT_OPTIMIZATION_LEVEL = "-Onone";
			};
			name = Debug;
		};
		F937BD461D9051EC00B70AE2 /* Release */ = {
			isa = XCBuildConfiguration;
			buildSettings = {
				ALWAYS_SEARCH_USER_PATHS = NO;
				CLANG_ANALYZER_NONNULL = YES;
				CLANG_CXX_LANGUAGE_STANDARD = "gnu++0x";
				CLANG_CXX_LIBRARY = "libc++";
				CLANG_ENABLE_MODULES = YES;
				CLANG_ENABLE_OBJC_ARC = YES;
				CLANG_WARN_BOOL_CONVERSION = YES;
				CLANG_WARN_CONSTANT_CONVERSION = YES;
				CLANG_WARN_DIRECT_OBJC_ISA_USAGE = YES_ERROR;
				CLANG_WARN_DOCUMENTATION_COMMENTS = YES;
				CLANG_WARN_EMPTY_BODY = YES;
				CLANG_WARN_ENUM_CONVERSION = YES;
				CLANG_WARN_INFINITE_RECURSION = YES;
				CLANG_WARN_INT_CONVERSION = YES;
				CLANG_WARN_OBJC_ROOT_CLASS = YES_ERROR;
				CLANG_WARN_SUSPICIOUS_MOVES = YES;
				CLANG_WARN_UNREACHABLE_CODE = YES;
				CLANG_WARN__DUPLICATE_METHOD_MATCH = YES;
				"CODE_SIGN_IDENTITY[sdk=iphoneos*]" = "iPhone Developer";
				COPY_PHASE_STRIP = NO;
				DEBUG_INFORMATION_FORMAT = "dwarf-with-dsym";
				ENABLE_NS_ASSERTIONS = NO;
				ENABLE_STRICT_OBJC_MSGSEND = YES;
				GCC_C_LANGUAGE_STANDARD = gnu99;
				GCC_NO_COMMON_BLOCKS = YES;
				GCC_WARN_64_TO_32_BIT_CONVERSION = YES;
				GCC_WARN_ABOUT_RETURN_TYPE = YES_ERROR;
				GCC_WARN_UNDECLARED_SELECTOR = YES;
				GCC_WARN_UNINITIALIZED_AUTOS = YES_AGGRESSIVE;
				GCC_WARN_UNUSED_FUNCTION = YES;
				GCC_WARN_UNUSED_VARIABLE = YES;
				IPHONEOS_DEPLOYMENT_TARGET = 10.0;
				MTL_ENABLE_DEBUG_INFO = NO;
				SDKROOT = iphoneos;
				SWIFT_OPTIMIZATION_LEVEL = "-Owholemodule";
				VALIDATE_PRODUCT = YES;
			};
			name = Release;
		};
		F937BD481D9051EC00B70AE2 /* Debug */ = {
			isa = XCBuildConfiguration;
			baseConfigurationReference = 9308CA347D87A9F053D74CF1 /* Pods-斗鱼.debug.xcconfig */;
			buildSettings = {
				ASSETCATALOG_COMPILER_APPICON_NAME = AppIcon;
				ASSETCATALOG_COMPILER_LAUNCHIMAGE_NAME = LaunchImage;
				DEVELOPMENT_TEAM = C2UEMYKUYG;
				INFOPLIST_FILE = "斗鱼/Info.plist";
				IPHONEOS_DEPLOYMENT_TARGET = 9.3;
				LD_RUNPATH_SEARCH_PATHS = "$(inherited) @executable_path/Frameworks";
				PRODUCT_BUNDLE_IDENTIFIER = "LY.--";
				PRODUCT_NAME = "$(TARGET_NAME)";
				SWIFT_VERSION = 3.0;
			};
			name = Debug;
		};
		F937BD491D9051EC00B70AE2 /* Release */ = {
			isa = XCBuildConfiguration;
			baseConfigurationReference = 3C83D88EE997F425AC15878E /* Pods-斗鱼.release.xcconfig */;
			buildSettings = {
				ASSETCATALOG_COMPILER_APPICON_NAME = AppIcon;
				ASSETCATALOG_COMPILER_LAUNCHIMAGE_NAME = LaunchImage;
				DEVELOPMENT_TEAM = C2UEMYKUYG;
				INFOPLIST_FILE = "斗鱼/Info.plist";
				IPHONEOS_DEPLOYMENT_TARGET = 9.3;
				LD_RUNPATH_SEARCH_PATHS = "$(inherited) @executable_path/Frameworks";
				PRODUCT_BUNDLE_IDENTIFIER = "LY.--";
				PRODUCT_NAME = "$(TARGET_NAME)";
				SWIFT_VERSION = 3.0;
			};
			name = Release;
		};
		F937BD4B1D9051EC00B70AE2 /* Debug */ = {
			isa = XCBuildConfiguration;
			buildSettings = {
				ALWAYS_EMBED_SWIFT_STANDARD_LIBRARIES = YES;
				INFOPLIST_FILE = "斗鱼UITests/Info.plist";
				LD_RUNPATH_SEARCH_PATHS = "$(inherited) @executable_path/Frameworks @loader_path/Frameworks";
				PRODUCT_BUNDLE_IDENTIFIER = "LY.--UITests";
				PRODUCT_NAME = "$(TARGET_NAME)";
				SWIFT_VERSION = 3.0;
				TEST_TARGET_NAME = "斗鱼";
			};
			name = Debug;
		};
		F937BD4C1D9051EC00B70AE2 /* Release */ = {
			isa = XCBuildConfiguration;
			buildSettings = {
				ALWAYS_EMBED_SWIFT_STANDARD_LIBRARIES = YES;
				INFOPLIST_FILE = "斗鱼UITests/Info.plist";
				LD_RUNPATH_SEARCH_PATHS = "$(inherited) @executable_path/Frameworks @loader_path/Frameworks";
				PRODUCT_BUNDLE_IDENTIFIER = "LY.--UITests";
				PRODUCT_NAME = "$(TARGET_NAME)";
				SWIFT_VERSION = 3.0;
				TEST_TARGET_NAME = "斗鱼";
			};
			name = Release;
		};
/* End XCBuildConfiguration section */

/* Begin XCConfigurationList section */
		F937BD251D9051EB00B70AE2 /* Build configuration list for PBXProject "斗鱼" */ = {
			isa = XCConfigurationList;
			buildConfigurations = (
				F937BD451D9051EC00B70AE2 /* Debug */,
				F937BD461D9051EC00B70AE2 /* Release */,
			);
			defaultConfigurationIsVisible = 0;
			defaultConfigurationName = Release;
		};
		F937BD471D9051EC00B70AE2 /* Build configuration list for PBXNativeTarget "斗鱼" */ = {
			isa = XCConfigurationList;
			buildConfigurations = (
				F937BD481D9051EC00B70AE2 /* Debug */,
				F937BD491D9051EC00B70AE2 /* Release */,
			);
			defaultConfigurationIsVisible = 0;
			defaultConfigurationName = Release;
		};
		F937BD4A1D9051EC00B70AE2 /* Build configuration list for PBXNativeTarget "斗鱼UITests" */ = {
			isa = XCConfigurationList;
			buildConfigurations = (
				F937BD4B1D9051EC00B70AE2 /* Debug */,
				F937BD4C1D9051EC00B70AE2 /* Release */,
			);
			defaultConfigurationIsVisible = 0;
			defaultConfigurationName = Release;
		};
/* End XCConfigurationList section */
	};
	rootObject = F937BD221D9051EB00B70AE2 /* Project object */;
}
